// !$*UTF8*$!
{
	archiveVersion = 1;
	classes = {
	};
	objectVersion = 46;
	objects = {

/* Begin PBXBuildFile section */
		85C67A8A16BA183C009CC38D /* UIKit.framework in Frameworks */ = {isa = PBXBuildFile; fileRef = 85C67A8916BA183C009CC38D /* UIKit.framework */; };
		85C67A8C16BA183C009CC38D /* Foundation.framework in Frameworks */ = {isa = PBXBuildFile; fileRef = 85C67A8B16BA183C009CC38D /* Foundation.framework */; };
		85C67A8E16BA183C009CC38D /* CoreGraphics.framework in Frameworks */ = {isa = PBXBuildFile; fileRef = 85C67A8D16BA183C009CC38D /* CoreGraphics.framework */; };
		85C67A9116BA183C009CC38D /* Podfile in Resources */ = {isa = PBXBuildFile; fileRef = 85C67A9016BA183C009CC38D /* Podfile */; };
		85C67A9B16BA183C009CC38D /* InfoPlist.strings in Resources */ = {isa = PBXBuildFile; fileRef = 85C67A9916BA183C009CC38D /* InfoPlist.strings */; };
		85C67A9D16BA183C009CC38D /* main.m in Sources */ = {isa = PBXBuildFile; fileRef = 85C67A9C16BA183C009CC38D /* main.m */; };
		85C67AA016BA183C009CC38D /* AFGitHubSampleAppDelegate.m in Sources */ = {isa = PBXBuildFile; fileRef = 85C67A9F16BA183C009CC38D /* AFGitHubSampleAppDelegate.m */; };
		85C67AA216BA183C009CC38D /* Default.png in Resources */ = {isa = PBXBuildFile; fileRef = 85C67AA116BA183C009CC38D /* Default.png */; };
		85C67AA416BA183C009CC38D /* Default@2x.png in Resources */ = {isa = PBXBuildFile; fileRef = 85C67AA316BA183C009CC38D /* Default@2x.png */; };
		85C67AA616BA183C009CC38D /* Default-568h@2x.png in Resources */ = {isa = PBXBuildFile; fileRef = 85C67AA516BA183C009CC38D /* Default-568h@2x.png */; };
		85C67AAE16BA183C009CC38D /* SenTestingKit.framework in Frameworks */ = {isa = PBXBuildFile; fileRef = 85C67AAD16BA183C009CC38D /* SenTestingKit.framework */; };
		85C67AAF16BA183C009CC38D /* UIKit.framework in Frameworks */ = {isa = PBXBuildFile; fileRef = 85C67A8916BA183C009CC38D /* UIKit.framework */; };
		85C67AB016BA183C009CC38D /* Foundation.framework in Frameworks */ = {isa = PBXBuildFile; fileRef = 85C67A8B16BA183C009CC38D /* Foundation.framework */; };
		85C67AB816BA183C009CC38D /* InfoPlist.strings in Resources */ = {isa = PBXBuildFile; fileRef = 85C67AB616BA183C009CC38D /* InfoPlist.strings */; };
		85C67ABB16BA183C009CC38D /* AFGitHubTests.m in Sources */ = {isa = PBXBuildFile; fileRef = 85C67ABA16BA183C009CC38D /* AFGitHubTests.m */; };
		85C67AC716BA1E02009CC38D /* AFGitHubAPIClient.m in Sources */ = {isa = PBXBuildFile; fileRef = 85C67AC616BA1E02009CC38D /* AFGitHubAPIClient.m */; };
		85C67ACA16BA2327009CC38D /* AFGitHubAPIRequestOperation.m in Sources */ = {isa = PBXBuildFile; fileRef = 85C67AC916BA2327009CC38D /* AFGitHubAPIRequestOperation.m */; };
		85C67ACD16BA2374009CC38D /* AFGitHubAPIResponse.m in Sources */ = {isa = PBXBuildFile; fileRef = 85C67ACC16BA2374009CC38D /* AFGitHubAPIResponse.m */; };
		85C67B6F16BA7A1F009CC38D /* AFGitHubLinkHeader.m in Sources */ = {isa = PBXBuildFile; fileRef = 85C67B6E16BA7A1F009CC38D /* AFGitHubLinkHeader.m */; };
		85C67B7216BB4A8A009CC38D /* AFGitHubBlob.m in Sources */ = {isa = PBXBuildFile; fileRef = 85C67B7116BB4A8A009CC38D /* AFGitHubBlob.m */; };
		85C67B7516BB4A95009CC38D /* AFGitHubCommit.m in Sources */ = {isa = PBXBuildFile; fileRef = 85C67B7416BB4A95009CC38D /* AFGitHubCommit.m */; };
		85C67B7816BB4AA9009CC38D /* AFGitHubReference.m in Sources */ = {isa = PBXBuildFile; fileRef = 85C67B7716BB4AA9009CC38D /* AFGitHubReference.m */; };
		85C67B7B16BB4AB4009CC38D /* AFGitHubTag.m in Sources */ = {isa = PBXBuildFile; fileRef = 85C67B7A16BB4AB4009CC38D /* AFGitHubTag.m */; };
		85C67B7E16BB4ABC009CC38D /* AFGitHubTree.m in Sources */ = {isa = PBXBuildFile; fileRef = 85C67B7D16BB4ABC009CC38D /* AFGitHubTree.m */; };
		85C67B8116BB4AE2009CC38D /* AFGitHubPullRequest.m in Sources */ = {isa = PBXBuildFile; fileRef = 85C67B8016BB4AE1009CC38D /* AFGitHubPullRequest.m */; };
		85C67B8416BB4AFC009CC38D /* AFGitHubRepository.m in Sources */ = {isa = PBXBuildFile; fileRef = 85C67B8316BB4AFB009CC38D /* AFGitHubRepository.m */; };
		85C67B8716BB4B12009CC38D /* AFGitHubUser.m in Sources */ = {isa = PBXBuildFile; fileRef = 85C67B8616BB4B12009CC38D /* AFGitHubUser.m */; };
		85C67B8A16BB4B6A009CC38D /* AFGitHubGitObject.m in Sources */ = {isa = PBXBuildFile; fileRef = 85C67B8916BB4B6A009CC38D /* AFGitHubGitObject.m */; };
		85C67B8E16BB4D5E009CC38D /* AFGitHubComment.m in Sources */ = {isa = PBXBuildFile; fileRef = 85C67B8D16BB4D5D009CC38D /* AFGitHubComment.m */; };
		85C67B9116BB62D7009CC38D /* AFGitHubGlobal.m in Sources */ = {isa = PBXBuildFile; fileRef = 85C67B9016BB62D6009CC38D /* AFGitHubGlobal.m */; };
		85C67B9416BB9DDA009CC38D /* NSData+Base64.m in Sources */ = {isa = PBXBuildFile; fileRef = 85C67B9316BB9DD9009CC38D /* NSData+Base64.m */; };
		85C67B9816BB9EC5009CC38D /* NSDate+InternetDateTime.m in Sources */ = {isa = PBXBuildFile; fileRef = 85C67B9716BB9EC5009CC38D /* NSDate+InternetDateTime.m */; };
		85C67B9B16BBA08D009CC38D /* AFGitHubGitDataObject.m in Sources */ = {isa = PBXBuildFile; fileRef = 85C67B9A16BBA08C009CC38D /* AFGitHubGitDataObject.m */; };
		85C67BA316BBA434009CC38D /* blob.json in Resources */ = {isa = PBXBuildFile; fileRef = 85C67B9D16BBA434009CC38D /* blob.json */; };
		85C67BA416BBA434009CC38D /* commit.json in Resources */ = {isa = PBXBuildFile; fileRef = 85C67B9E16BBA434009CC38D /* commit.json */; };
		85C67BA516BBA434009CC38D /* reference.json in Resources */ = {isa = PBXBuildFile; fileRef = 85C67B9F16BBA434009CC38D /* reference.json */; };
		85C67BA616BBA434009CC38D /* repository.json in Resources */ = {isa = PBXBuildFile; fileRef = 85C67BA016BBA434009CC38D /* repository.json */; };
		85C67BA716BBA434009CC38D /* tag.json in Resources */ = {isa = PBXBuildFile; fileRef = 85C67BA116BBA434009CC38D /* tag.json */; };
		85C67BA816BBA434009CC38D /* tree.json in Resources */ = {isa = PBXBuildFile; fileRef = 85C67BA216BBA434009CC38D /* tree.json */; };
		85C67C1A16BCD8A2009CC38D /* MainStoryboard.storyboard in Resources */ = {isa = PBXBuildFile; fileRef = 85C67C1816BCD8A2009CC38D /* MainStoryboard.storyboard */; };
		85C67C1E16BCDAA1009CC38D /* AFGitHubTopViewController.m in Sources */ = {isa = PBXBuildFile; fileRef = 85C67C1D16BCDAA1009CC38D /* AFGitHubTopViewController.m */; };
		85C67C2116BCDF81009CC38D /* AFGitHubSampleRepoListViewController.m in Sources */ = {isa = PBXBuildFile; fileRef = 85C67C2016BCDF81009CC38D /* AFGitHubSampleRepoListViewController.m */; };
		85C67C2416BCE2EF009CC38D /* AFGitHubAuthViewController.m in Sources */ = {isa = PBXBuildFile; fileRef = 85C67C2316BCE2EF009CC38D /* AFGitHubAuthViewController.m */; };
		85C67C2D16BCEA1D009CC38D /* NSString+queryComponents.m in Sources */ = {isa = PBXBuildFile; fileRef = 85C67C2C16BCEA1C009CC38D /* NSString+queryComponents.m */; };
		85C67C3016BCFB5B009CC38D /* NSString+URLEncoding.m in Sources */ = {isa = PBXBuildFile; fileRef = 85C67C2F16BCFB5B009CC38D /* NSString+URLEncoding.m */; };
		D1C4921A6A5742ADAE4EB6F3 /* libPods.a in Frameworks */ = {isa = PBXBuildFile; fileRef = 6B04A6AC7B2846268AF0689B /* libPods.a */; };
/* End PBXBuildFile section */

/* Begin PBXContainerItemProxy section */
		85C67AB116BA183C009CC38D /* PBXContainerItemProxy */ = {
			isa = PBXContainerItemProxy;
			containerPortal = 85C67A7E16BA183C009CC38D /* Project object */;
			proxyType = 1;
			remoteGlobalIDString = 85C67A8516BA183C009CC38D;
			remoteInfo = AFGitHubSamples;
		};
/* End PBXContainerItemProxy section */

/* Begin PBXFileReference section */
		35A32EE6687A42F2BEC3B5C9 /* Pods.xcconfig */ = {isa = PBXFileReference; includeInIndex = 1; lastKnownFileType = text.xcconfig; name = Pods.xcconfig; path = Pods/Pods.xcconfig; sourceTree = SOURCE_ROOT; };
		6B04A6AC7B2846268AF0689B /* libPods.a */ = {isa = PBXFileReference; explicitFileType = archive.ar; includeInIndex = 0; path = libPods.a; sourceTree = BUILT_PRODUCTS_DIR; };
		85C67A8616BA183C009CC38D /* AFGitHubSamples.app */ = {isa = PBXFileReference; explicitFileType = wrapper.application; includeInIndex = 0; path = AFGitHubSamples.app; sourceTree = BUILT_PRODUCTS_DIR; };
		85C67A8916BA183C009CC38D /* UIKit.framework */ = {isa = PBXFileReference; lastKnownFileType = wrapper.framework; name = UIKit.framework; path = System/Library/Frameworks/UIKit.framework; sourceTree = SDKROOT; };
		85C67A8B16BA183C009CC38D /* Foundation.framework */ = {isa = PBXFileReference; lastKnownFileType = wrapper.framework; name = Foundation.framework; path = System/Library/Frameworks/Foundation.framework; sourceTree = SDKROOT; };
		85C67A8D16BA183C009CC38D /* CoreGraphics.framework */ = {isa = PBXFileReference; lastKnownFileType = wrapper.framework; name = CoreGraphics.framework; path = System/Library/Frameworks/CoreGraphics.framework; sourceTree = SDKROOT; };
		85C67A9016BA183C009CC38D /* Podfile */ = {isa = PBXFileReference; lastKnownFileType = text; name = Podfile; path = ../Podfile; sourceTree = "<group>"; };
		85C67A9316BA183C009CC38D /* AFGitHub-Prefix.pch */ = {isa = PBXFileReference; lastKnownFileType = sourcecode.c.h; path = "AFGitHub-Prefix.pch"; sourceTree = "<group>"; };
		85C67A9816BA183C009CC38D /* AFGitHub-Info.plist */ = {isa = PBXFileReference; lastKnownFileType = text.plist.xml; path = "AFGitHub-Info.plist"; sourceTree = "<group>"; };
		85C67A9A16BA183C009CC38D /* en */ = {isa = PBXFileReference; lastKnownFileType = text.plist.strings; name = en; path = en.lproj/InfoPlist.strings; sourceTree = "<group>"; };
		85C67A9C16BA183C009CC38D /* main.m */ = {isa = PBXFileReference; lastKnownFileType = sourcecode.c.objc; path = main.m; sourceTree = "<group>"; };
		85C67A9E16BA183C009CC38D /* AFGitHubSampleAppDelegate.h */ = {isa = PBXFileReference; lastKnownFileType = sourcecode.c.h; path = AFGitHubSampleAppDelegate.h; sourceTree = "<group>"; };
		85C67A9F16BA183C009CC38D /* AFGitHubSampleAppDelegate.m */ = {isa = PBXFileReference; lastKnownFileType = sourcecode.c.objc; path = AFGitHubSampleAppDelegate.m; sourceTree = "<group>"; };
		85C67AA116BA183C009CC38D /* Default.png */ = {isa = PBXFileReference; lastKnownFileType = image.png; path = Default.png; sourceTree = "<group>"; };
		85C67AA316BA183C009CC38D /* Default@2x.png */ = {isa = PBXFileReference; lastKnownFileType = image.png; path = "Default@2x.png"; sourceTree = "<group>"; };
		85C67AA516BA183C009CC38D /* Default-568h@2x.png */ = {isa = PBXFileReference; lastKnownFileType = image.png; path = "Default-568h@2x.png"; sourceTree = "<group>"; };
		85C67AAC16BA183C009CC38D /* AFGitHubTests.octest */ = {isa = PBXFileReference; explicitFileType = wrapper.cfbundle; includeInIndex = 0; path = AFGitHubTests.octest; sourceTree = BUILT_PRODUCTS_DIR; };
		85C67AAD16BA183C009CC38D /* SenTestingKit.framework */ = {isa = PBXFileReference; lastKnownFileType = wrapper.framework; name = SenTestingKit.framework; path = Library/Frameworks/SenTestingKit.framework; sourceTree = DEVELOPER_DIR; };
		85C67AB516BA183C009CC38D /* AFGitHubTests-Info.plist */ = {isa = PBXFileReference; lastKnownFileType = text.plist.xml; path = "AFGitHubTests-Info.plist"; sourceTree = "<group>"; };
		85C67AB716BA183C009CC38D /* en */ = {isa = PBXFileReference; lastKnownFileType = text.plist.strings; name = en; path = en.lproj/InfoPlist.strings; sourceTree = "<group>"; };
		85C67AB916BA183C009CC38D /* AFGitHubTests.h */ = {isa = PBXFileReference; lastKnownFileType = sourcecode.c.h; path = AFGitHubTests.h; sourceTree = "<group>"; };
		85C67ABA16BA183C009CC38D /* AFGitHubTests.m */ = {isa = PBXFileReference; lastKnownFileType = sourcecode.c.objc; path = AFGitHubTests.m; sourceTree = "<group>"; };
		85C67AC516BA1E02009CC38D /* AFGitHubAPIClient.h */ = {isa = PBXFileReference; fileEncoding = 4; lastKnownFileType = sourcecode.c.h; path = AFGitHubAPIClient.h; sourceTree = "<group>"; };
		85C67AC616BA1E02009CC38D /* AFGitHubAPIClient.m */ = {isa = PBXFileReference; fileEncoding = 4; lastKnownFileType = sourcecode.c.objc; path = AFGitHubAPIClient.m; sourceTree = "<group>"; };
		85C67AC816BA2327009CC38D /* AFGitHubAPIRequestOperation.h */ = {isa = PBXFileReference; fileEncoding = 4; lastKnownFileType = sourcecode.c.h; path = AFGitHubAPIRequestOperation.h; sourceTree = "<group>"; };
		85C67AC916BA2327009CC38D /* AFGitHubAPIRequestOperation.m */ = {isa = PBXFileReference; fileEncoding = 4; lastKnownFileType = sourcecode.c.objc; path = AFGitHubAPIRequestOperation.m; sourceTree = "<group>"; };
		85C67ACB16BA2374009CC38D /* AFGitHubAPIResponse.h */ = {isa = PBXFileReference; fileEncoding = 4; lastKnownFileType = sourcecode.c.h; path = AFGitHubAPIResponse.h; sourceTree = "<group>"; };
		85C67ACC16BA2374009CC38D /* AFGitHubAPIResponse.m */ = {isa = PBXFileReference; fileEncoding = 4; lastKnownFileType = sourcecode.c.objc; path = AFGitHubAPIResponse.m; sourceTree = "<group>"; };
		85C67AD016BA23F8009CC38D /* AFGitHubObject.h */ = {isa = PBXFileReference; lastKnownFileType = sourcecode.c.h; path = AFGitHubObject.h; sourceTree = "<group>"; };
		85C67B6D16BA7A1F009CC38D /* AFGitHubLinkHeader.h */ = {isa = PBXFileReference; fileEncoding = 4; lastKnownFileType = sourcecode.c.h; path = AFGitHubLinkHeader.h; sourceTree = "<group>"; };
		85C67B6E16BA7A1F009CC38D /* AFGitHubLinkHeader.m */ = {isa = PBXFileReference; fileEncoding = 4; lastKnownFileType = sourcecode.c.objc; path = AFGitHubLinkHeader.m; sourceTree = "<group>"; };
		85C67B7016BB4A8A009CC38D /* AFGitHubBlob.h */ = {isa = PBXFileReference; fileEncoding = 4; lastKnownFileType = sourcecode.c.h; path = AFGitHubBlob.h; sourceTree = "<group>"; };
		85C67B7116BB4A8A009CC38D /* AFGitHubBlob.m */ = {isa = PBXFileReference; fileEncoding = 4; lastKnownFileType = sourcecode.c.objc; path = AFGitHubBlob.m; sourceTree = "<group>"; };
		85C67B7316BB4A95009CC38D /* AFGitHubCommit.h */ = {isa = PBXFileReference; fileEncoding = 4; lastKnownFileType = sourcecode.c.h; path = AFGitHubCommit.h; sourceTree = "<group>"; };
		85C67B7416BB4A95009CC38D /* AFGitHubCommit.m */ = {isa = PBXFileReference; fileEncoding = 4; lastKnownFileType = sourcecode.c.objc; path = AFGitHubCommit.m; sourceTree = "<group>"; };
		85C67B7616BB4AA9009CC38D /* AFGitHubReference.h */ = {isa = PBXFileReference; fileEncoding = 4; lastKnownFileType = sourcecode.c.h; path = AFGitHubReference.h; sourceTree = "<group>"; };
		85C67B7716BB4AA9009CC38D /* AFGitHubReference.m */ = {isa = PBXFileReference; fileEncoding = 4; lastKnownFileType = sourcecode.c.objc; path = AFGitHubReference.m; sourceTree = "<group>"; };
		85C67B7916BB4AB4009CC38D /* AFGitHubTag.h */ = {isa = PBXFileReference; fileEncoding = 4; lastKnownFileType = sourcecode.c.h; path = AFGitHubTag.h; sourceTree = "<group>"; };
		85C67B7A16BB4AB4009CC38D /* AFGitHubTag.m */ = {isa = PBXFileReference; fileEncoding = 4; lastKnownFileType = sourcecode.c.objc; path = AFGitHubTag.m; sourceTree = "<group>"; };
		85C67B7C16BB4ABC009CC38D /* AFGitHubTree.h */ = {isa = PBXFileReference; fileEncoding = 4; lastKnownFileType = sourcecode.c.h; path = AFGitHubTree.h; sourceTree = "<group>"; };
		85C67B7D16BB4ABC009CC38D /* AFGitHubTree.m */ = {isa = PBXFileReference; fileEncoding = 4; lastKnownFileType = sourcecode.c.objc; path = AFGitHubTree.m; sourceTree = "<group>"; };
		85C67B7F16BB4AE1009CC38D /* AFGitHubPullRequest.h */ = {isa = PBXFileReference; fileEncoding = 4; lastKnownFileType = sourcecode.c.h; path = AFGitHubPullRequest.h; sourceTree = "<group>"; };
		85C67B8016BB4AE1009CC38D /* AFGitHubPullRequest.m */ = {isa = PBXFileReference; fileEncoding = 4; lastKnownFileType = sourcecode.c.objc; path = AFGitHubPullRequest.m; sourceTree = "<group>"; };
		85C67B8216BB4AFB009CC38D /* AFGitHubRepository.h */ = {isa = PBXFileReference; fileEncoding = 4; lastKnownFileType = sourcecode.c.h; path = AFGitHubRepository.h; sourceTree = "<group>"; };
		85C67B8316BB4AFB009CC38D /* AFGitHubRepository.m */ = {isa = PBXFileReference; fileEncoding = 4; lastKnownFileType = sourcecode.c.objc; path = AFGitHubRepository.m; sourceTree = "<group>"; };
		85C67B8516BB4B12009CC38D /* AFGitHubUser.h */ = {isa = PBXFileReference; fileEncoding = 4; lastKnownFileType = sourcecode.c.h; path = AFGitHubUser.h; sourceTree = "<group>"; };
		85C67B8616BB4B12009CC38D /* AFGitHubUser.m */ = {isa = PBXFileReference; fileEncoding = 4; lastKnownFileType = sourcecode.c.objc; path = AFGitHubUser.m; sourceTree = "<group>"; };
		85C67B8816BB4B69009CC38D /* AFGitHubGitObject.h */ = {isa = PBXFileReference; fileEncoding = 4; lastKnownFileType = sourcecode.c.h; path = AFGitHubGitObject.h; sourceTree = "<group>"; };
		85C67B8916BB4B6A009CC38D /* AFGitHubGitObject.m */ = {isa = PBXFileReference; fileEncoding = 4; lastKnownFileType = sourcecode.c.objc; path = AFGitHubGitObject.m; sourceTree = "<group>"; };
		85C67B8C16BB4D5C009CC38D /* AFGitHubComment.h */ = {isa = PBXFileReference; fileEncoding = 4; lastKnownFileType = sourcecode.c.h; path = AFGitHubComment.h; sourceTree = "<group>"; };
		85C67B8D16BB4D5D009CC38D /* AFGitHubComment.m */ = {isa = PBXFileReference; fileEncoding = 4; lastKnownFileType = sourcecode.c.objc; path = AFGitHubComment.m; sourceTree = "<group>"; };
		85C67B8F16BB62D6009CC38D /* AFGitHubGlobal.h */ = {isa = PBXFileReference; fileEncoding = 4; lastKnownFileType = sourcecode.c.h; path = AFGitHubGlobal.h; sourceTree = "<group>"; };
		85C67B9016BB62D6009CC38D /* AFGitHubGlobal.m */ = {isa = PBXFileReference; fileEncoding = 4; lastKnownFileType = sourcecode.c.objc; path = AFGitHubGlobal.m; sourceTree = "<group>"; };
		85C67B9216BB9DD8009CC38D /* NSData+Base64.h */ = {isa = PBXFileReference; fileEncoding = 4; lastKnownFileType = sourcecode.c.h; path = "NSData+Base64.h"; sourceTree = "<group>"; };
		85C67B9316BB9DD9009CC38D /* NSData+Base64.m */ = {isa = PBXFileReference; fileEncoding = 4; lastKnownFileType = sourcecode.c.objc; path = "NSData+Base64.m"; sourceTree = "<group>"; };
		85C67B9616BB9EC5009CC38D /* NSDate+InternetDateTime.h */ = {isa = PBXFileReference; fileEncoding = 4; lastKnownFileType = sourcecode.c.h; path = "NSDate+InternetDateTime.h"; sourceTree = "<group>"; };
		85C67B9716BB9EC5009CC38D /* NSDate+InternetDateTime.m */ = {isa = PBXFileReference; fileEncoding = 4; lastKnownFileType = sourcecode.c.objc; path = "NSDate+InternetDateTime.m"; sourceTree = "<group>"; };
		85C67B9916BBA08C009CC38D /* AFGitHubGitDataObject.h */ = {isa = PBXFileReference; fileEncoding = 4; lastKnownFileType = sourcecode.c.h; path = AFGitHubGitDataObject.h; sourceTree = "<group>"; };
		85C67B9A16BBA08C009CC38D /* AFGitHubGitDataObject.m */ = {isa = PBXFileReference; fileEncoding = 4; lastKnownFileType = sourcecode.c.objc; path = AFGitHubGitDataObject.m; sourceTree = "<group>"; };
		85C67B9D16BBA434009CC38D /* blob.json */ = {isa = PBXFileReference; fileEncoding = 4; lastKnownFileType = text.json; path = blob.json; sourceTree = "<group>"; };
		85C67B9E16BBA434009CC38D /* commit.json */ = {isa = PBXFileReference; fileEncoding = 4; lastKnownFileType = text.json; path = commit.json; sourceTree = "<group>"; };
		85C67B9F16BBA434009CC38D /* reference.json */ = {isa = PBXFileReference; fileEncoding = 4; lastKnownFileType = text.json; path = reference.json; sourceTree = "<group>"; };
		85C67BA016BBA434009CC38D /* repository.json */ = {isa = PBXFileReference; fileEncoding = 4; lastKnownFileType = text.json; path = repository.json; sourceTree = "<group>"; };
		85C67BA116BBA434009CC38D /* tag.json */ = {isa = PBXFileReference; fileEncoding = 4; lastKnownFileType = text.json; path = tag.json; sourceTree = "<group>"; };
		85C67BA216BBA434009CC38D /* tree.json */ = {isa = PBXFileReference; fileEncoding = 4; lastKnownFileType = text.json; path = tree.json; sourceTree = "<group>"; };
		85C67C1916BCD8A2009CC38D /* en */ = {isa = PBXFileReference; lastKnownFileType = file.storyboard; name = en; path = en.lproj/MainStoryboard.storyboard; sourceTree = "<group>"; };
		85C67C1C16BCDAA1009CC38D /* AFGitHubTopViewController.h */ = {isa = PBXFileReference; fileEncoding = 4; lastKnownFileType = sourcecode.c.h; path = AFGitHubTopViewController.h; sourceTree = "<group>"; };
		85C67C1D16BCDAA1009CC38D /* AFGitHubTopViewController.m */ = {isa = PBXFileReference; fileEncoding = 4; lastKnownFileType = sourcecode.c.objc; path = AFGitHubTopViewController.m; sourceTree = "<group>"; };
		85C67C1F16BCDF81009CC38D /* AFGitHubSampleRepoListViewController.h */ = {isa = PBXFileReference; fileEncoding = 4; lastKnownFileType = sourcecode.c.h; path = AFGitHubSampleRepoListViewController.h; sourceTree = "<group>"; };
		85C67C2016BCDF81009CC38D /* AFGitHubSampleRepoListViewController.m */ = {isa = PBXFileReference; fileEncoding = 4; lastKnownFileType = sourcecode.c.objc; path = AFGitHubSampleRepoListViewController.m; sourceTree = "<group>"; };
		85C67C2216BCE2EE009CC38D /* AFGitHubAuthViewController.h */ = {isa = PBXFileReference; fileEncoding = 4; lastKnownFileType = sourcecode.c.h; path = AFGitHubAuthViewController.h; sourceTree = "<group>"; };
		85C67C2316BCE2EF009CC38D /* AFGitHubAuthViewController.m */ = {isa = PBXFileReference; fileEncoding = 4; lastKnownFileType = sourcecode.c.objc; path = AFGitHubAuthViewController.m; sourceTree = "<group>"; };
		85C67C2516BCE366009CC38D /* AFGitHubAPIKeys.h */ = {isa = PBXFileReference; fileEncoding = 4; lastKnownFileType = sourcecode.c.h; path = AFGitHubAPIKeys.h; sourceTree = "<group>"; };
		85C67C2616BCE40E009CC38D /* AFGitHub.h */ = {isa = PBXFileReference; lastKnownFileType = sourcecode.c.h; path = AFGitHub.h; sourceTree = "<group>"; };
		85C67C2716BCE6E8009CC38D /* AFGitHubConstants.h */ = {isa = PBXFileReference; lastKnownFileType = sourcecode.c.h; path = AFGitHubConstants.h; sourceTree = "<group>"; };
		85C67C2B16BCEA1C009CC38D /* NSString+queryComponents.h */ = {isa = PBXFileReference; fileEncoding = 4; lastKnownFileType = sourcecode.c.h; path = "NSString+queryComponents.h"; sourceTree = "<group>"; };
		85C67C2C16BCEA1C009CC38D /* NSString+queryComponents.m */ = {isa = PBXFileReference; fileEncoding = 4; lastKnownFileType = sourcecode.c.objc; path = "NSString+queryComponents.m"; sourceTree = "<group>"; };
		85C67C2E16BCFB5B009CC38D /* NSString+URLEncoding.h */ = {isa = PBXFileReference; fileEncoding = 4; lastKnownFileType = sourcecode.c.h; path = "NSString+URLEncoding.h"; sourceTree = "<group>"; };
		85C67C2F16BCFB5B009CC38D /* NSString+URLEncoding.m */ = {isa = PBXFileReference; fileEncoding = 4; lastKnownFileType = sourcecode.c.objc; path = "NSString+URLEncoding.m"; sourceTree = "<group>"; };
		85C67C3116BD0114009CC38D /* AFGitHubSampleConstants.h */ = {isa = PBXFileReference; lastKnownFileType = sourcecode.c.h; path = AFGitHubSampleConstants.h; sourceTree = "<group>"; };
/* End PBXFileReference section */

/* Begin PBXFrameworksBuildPhase section */
		85C67A8316BA183C009CC38D /* Frameworks */ = {
			isa = PBXFrameworksBuildPhase;
			buildActionMask = 2147483647;
			files = (
				85C67A8A16BA183C009CC38D /* UIKit.framework in Frameworks */,
				85C67A8C16BA183C009CC38D /* Foundation.framework in Frameworks */,
				85C67A8E16BA183C009CC38D /* CoreGraphics.framework in Frameworks */,
				D1C4921A6A5742ADAE4EB6F3 /* libPods.a in Frameworks */,
			);
			runOnlyForDeploymentPostprocessing = 0;
		};
		85C67AA816BA183C009CC38D /* Frameworks */ = {
			isa = PBXFrameworksBuildPhase;
			buildActionMask = 2147483647;
			files = (
				85C67AAE16BA183C009CC38D /* SenTestingKit.framework in Frameworks */,
				85C67AAF16BA183C009CC38D /* UIKit.framework in Frameworks */,
				85C67AB016BA183C009CC38D /* Foundation.framework in Frameworks */,
			);
			runOnlyForDeploymentPostprocessing = 0;
		};
/* End PBXFrameworksBuildPhase section */

/* Begin PBXGroup section */
		85C67A7D16BA183C009CC38D = {
			isa = PBXGroup;
			children = (
				85C67AC416BA1DDB009CC38D /* AFGitHubClient */,
				85C67A8F16BA183C009CC38D /* AFGitHubSamples */,
				85C67AB316BA183C009CC38D /* AFGitHubTests */,
				85C67A8816BA183C009CC38D /* Frameworks */,
				85C67A8716BA183C009CC38D /* Products */,
				35A32EE6687A42F2BEC3B5C9 /* Pods.xcconfig */,
			);
			sourceTree = "<group>";
		};
		85C67A8716BA183C009CC38D /* Products */ = {
			isa = PBXGroup;
			children = (
				85C67A8616BA183C009CC38D /* AFGitHubSamples.app */,
				85C67AAC16BA183C009CC38D /* AFGitHubTests.octest */,
			);
			name = Products;
			sourceTree = "<group>";
		};
		85C67A8816BA183C009CC38D /* Frameworks */ = {
			isa = PBXGroup;
			children = (
				85C67A8916BA183C009CC38D /* UIKit.framework */,
				85C67A8B16BA183C009CC38D /* Foundation.framework */,
				85C67A8D16BA183C009CC38D /* CoreGraphics.framework */,
				85C67AAD16BA183C009CC38D /* SenTestingKit.framework */,
				6B04A6AC7B2846268AF0689B /* libPods.a */,
			);
			name = Frameworks;
			sourceTree = "<group>";
		};
		85C67A8F16BA183C009CC38D /* AFGitHubSamples */ = {
			isa = PBXGroup;
			children = (
				85C67C2516BCE366009CC38D /* AFGitHubAPIKeys.h */,
				85C67C3116BD0114009CC38D /* AFGitHubSampleConstants.h */,
				85C67C1B16BCDA7B009CC38D /* View Controllers */,
				85C67A9016BA183C009CC38D /* Podfile */,
				85C67A9E16BA183C009CC38D /* AFGitHubSampleAppDelegate.h */,
				85C67A9F16BA183C009CC38D /* AFGitHubSampleAppDelegate.m */,
				85C67A9216BA183C009CC38D /* Supporting Files */,
			);
			path = AFGitHubSamples;
			sourceTree = "<group>";
		};
		85C67A9216BA183C009CC38D /* Supporting Files */ = {
			isa = PBXGroup;
			children = (
				85C67A9316BA183C009CC38D /* AFGitHub-Prefix.pch */,
				85C67A9816BA183C009CC38D /* AFGitHub-Info.plist */,
				85C67A9916BA183C009CC38D /* InfoPlist.strings */,
				85C67A9C16BA183C009CC38D /* main.m */,
				85C67AA116BA183C009CC38D /* Default.png */,
				85C67AA316BA183C009CC38D /* Default@2x.png */,
				85C67AA516BA183C009CC38D /* Default-568h@2x.png */,
				85C67C1816BCD8A2009CC38D /* MainStoryboard.storyboard */,
			);
			name = "Supporting Files";
			sourceTree = "<group>";
		};
		85C67AB316BA183C009CC38D /* AFGitHubTests */ = {
			isa = PBXGroup;
			children = (
				85C67B9C16BBA434009CC38D /* fixtures */,
				85C67AB916BA183C009CC38D /* AFGitHubTests.h */,
				85C67ABA16BA183C009CC38D /* AFGitHubTests.m */,
				85C67AB416BA183C009CC38D /* Supporting Files */,
			);
			path = AFGitHubTests;
			sourceTree = "<group>";
		};
		85C67AB416BA183C009CC38D /* Supporting Files */ = {
			isa = PBXGroup;
			children = (
				85C67AB516BA183C009CC38D /* AFGitHubTests-Info.plist */,
				85C67AB616BA183C009CC38D /* InfoPlist.strings */,
			);
			name = "Supporting Files";
			sourceTree = "<group>";
		};
		85C67AC416BA1DDB009CC38D /* AFGitHubClient */ = {
			isa = PBXGroup;
			children = (
				85C67C2716BCE6E8009CC38D /* AFGitHubConstants.h */,
				85C67C2616BCE40E009CC38D /* AFGitHub.h */,
				85C67B8F16BB62D6009CC38D /* AFGitHubGlobal.h */,
				85C67B9016BB62D6009CC38D /* AFGitHubGlobal.m */,
				85C67ACF16BA23E3009CC38D /* Data */,
				85C67ACE16BA23DB009CC38D /* Networking */,
			);
			path = AFGitHubClient;
			sourceTree = "<group>";
		};
		85C67ACE16BA23DB009CC38D /* Networking */ = {
			isa = PBXGroup;
			children = (
				85C67B6D16BA7A1F009CC38D /* AFGitHubLinkHeader.h */,
				85C67B6E16BA7A1F009CC38D /* AFGitHubLinkHeader.m */,
				85C67AC516BA1E02009CC38D /* AFGitHubAPIClient.h */,
				85C67AC616BA1E02009CC38D /* AFGitHubAPIClient.m */,
				85C67AC816BA2327009CC38D /* AFGitHubAPIRequestOperation.h */,
				85C67AC916BA2327009CC38D /* AFGitHubAPIRequestOperation.m */,
				85C67ACB16BA2374009CC38D /* AFGitHubAPIResponse.h */,
				85C67ACC16BA2374009CC38D /* AFGitHubAPIResponse.m */,
			);
			name = Networking;
			sourceTree = "<group>";
		};
		85C67ACF16BA23E3009CC38D /* Data */ = {
			isa = PBXGroup;
			children = (
				85C67B9516BB9DE0009CC38D /* Category */,
				85C67B8B16BB4C24009CC38D /* Git Data */,
				85C67AD016BA23F8009CC38D /* AFGitHubObject.h */,
				85C67B7F16BB4AE1009CC38D /* AFGitHubPullRequest.h */,
				85C67B8216BB4AFB009CC38D /* AFGitHubRepository.h */,
				85C67B8316BB4AFB009CC38D /* AFGitHubRepository.m */,
				85C67B8016BB4AE1009CC38D /* AFGitHubPullRequest.m */,
				85C67B8516BB4B12009CC38D /* AFGitHubUser.h */,
				85C67B8616BB4B12009CC38D /* AFGitHubUser.m */,
				85C67B8C16BB4D5C009CC38D /* AFGitHubComment.h */,
				85C67B8D16BB4D5D009CC38D /* AFGitHubComment.m */,
			);
			name = Data;
			sourceTree = "<group>";
		};
		85C67B8B16BB4C24009CC38D /* Git Data */ = {
			isa = PBXGroup;
			children = (
				85C67B7016BB4A8A009CC38D /* AFGitHubBlob.h */,
				85C67B7116BB4A8A009CC38D /* AFGitHubBlob.m */,
				85C67B7316BB4A95009CC38D /* AFGitHubCommit.h */,
				85C67B7416BB4A95009CC38D /* AFGitHubCommit.m */,
				85C67B8816BB4B69009CC38D /* AFGitHubGitObject.h */,
				85C67B8916BB4B6A009CC38D /* AFGitHubGitObject.m */,
				85C67B7616BB4AA9009CC38D /* AFGitHubReference.h */,
				85C67B7716BB4AA9009CC38D /* AFGitHubReference.m */,
				85C67B7916BB4AB4009CC38D /* AFGitHubTag.h */,
				85C67B7A16BB4AB4009CC38D /* AFGitHubTag.m */,
				85C67B7C16BB4ABC009CC38D /* AFGitHubTree.h */,
				85C67B7D16BB4ABC009CC38D /* AFGitHubTree.m */,
				85C67B9916BBA08C009CC38D /* AFGitHubGitDataObject.h */,
				85C67B9A16BBA08C009CC38D /* AFGitHubGitDataObject.m */,
			);
			name = "Git Data";
			sourceTree = "<group>";
		};
		85C67B9516BB9DE0009CC38D /* Category */ = {
			isa = PBXGroup;
			children = (
				85C67C2E16BCFB5B009CC38D /* NSString+URLEncoding.h */,
				85C67C2F16BCFB5B009CC38D /* NSString+URLEncoding.m */,
				85C67B9616BB9EC5009CC38D /* NSDate+InternetDateTime.h */,
				85C67B9716BB9EC5009CC38D /* NSDate+InternetDateTime.m */,
				85C67B9216BB9DD8009CC38D /* NSData+Base64.h */,
				85C67B9316BB9DD9009CC38D /* NSData+Base64.m */,
				85C67C2B16BCEA1C009CC38D /* NSString+queryComponents.h */,
				85C67C2C16BCEA1C009CC38D /* NSString+queryComponents.m */,
			);
			name = Category;
			sourceTree = "<group>";
		};
		85C67B9C16BBA434009CC38D /* fixtures */ = {
			isa = PBXGroup;
			children = (
				85C67B9D16BBA434009CC38D /* blob.json */,
				85C67B9E16BBA434009CC38D /* commit.json */,
				85C67B9F16BBA434009CC38D /* reference.json */,
				85C67BA016BBA434009CC38D /* repository.json */,
				85C67BA116BBA434009CC38D /* tag.json */,
				85C67BA216BBA434009CC38D /* tree.json */,
			);
			path = fixtures;
			sourceTree = "<group>";
		};
		85C67C1B16BCDA7B009CC38D /* View Controllers */ = {
			isa = PBXGroup;
			children = (
				85C67C1C16BCDAA1009CC38D /* AFGitHubTopViewController.h */,
				85C67C1D16BCDAA1009CC38D /* AFGitHubTopViewController.m */,
				85C67C1F16BCDF81009CC38D /* AFGitHubSampleRepoListViewController.h */,
				85C67C2016BCDF81009CC38D /* AFGitHubSampleRepoListViewController.m */,
				85C67C2216BCE2EE009CC38D /* AFGitHubAuthViewController.h */,
				85C67C2316BCE2EF009CC38D /* AFGitHubAuthViewController.m */,
			);
			name = "View Controllers";
			sourceTree = "<group>";
		};
/* End PBXGroup section */

/* Begin PBXNativeTarget section */
		85C67A8516BA183C009CC38D /* AFGitHubSamples */ = {
			isa = PBXNativeTarget;
			buildConfigurationList = 85C67ABE16BA183C009CC38D /* Build configuration list for PBXNativeTarget "AFGitHubSamples" */;
			buildPhases = (
				85C67A8216BA183C009CC38D /* Sources */,
				85C67A8316BA183C009CC38D /* Frameworks */,
				85C67A8416BA183C009CC38D /* Resources */,
				FD4D2ED1E598469CAF38F6E6 /* Copy Pods Resources */,
			);
			buildRules = (
			);
			dependencies = (
			);
			name = AFGitHubSamples;
			productName = AFGitHubSamples;
			productReference = 85C67A8616BA183C009CC38D /* AFGitHubSamples.app */;
			productType = "com.apple.product-type.application";
		};
		85C67AAB16BA183C009CC38D /* AFGitHubTests */ = {
			isa = PBXNativeTarget;
			buildConfigurationList = 85C67AC116BA183C009CC38D /* Build configuration list for PBXNativeTarget "AFGitHubTests" */;
			buildPhases = (
				85C67AA716BA183C009CC38D /* Sources */,
				85C67AA816BA183C009CC38D /* Frameworks */,
				85C67AA916BA183C009CC38D /* Resources */,
				85C67AAA16BA183C009CC38D /* ShellScript */,
			);
			buildRules = (
			);
			dependencies = (
				85C67AB216BA183C009CC38D /* PBXTargetDependency */,
			);
			name = AFGitHubTests;
			productName = AFGitHubTests;
			productReference = 85C67AAC16BA183C009CC38D /* AFGitHubTests.octest */;
			productType = "com.apple.product-type.bundle";
		};
/* End PBXNativeTarget section */

/* Begin PBXProject section */
		85C67A7E16BA183C009CC38D /* Project object */ = {
			isa = PBXProject;
			attributes = {
				CLASSPREFIX = AFGitHub;
				LastUpgradeCheck = 0460;
				ORGANIZATIONNAME = "LittleApps Inc.";
			};
			buildConfigurationList = 85C67A8116BA183C009CC38D /* Build configuration list for PBXProject "AFGitHub" */;
			compatibilityVersion = "Xcode 3.2";
			developmentRegion = English;
			hasScannedForEncodings = 0;
			knownRegions = (
				en,
			);
			mainGroup = 85C67A7D16BA183C009CC38D;
			productRefGroup = 85C67A8716BA183C009CC38D /* Products */;
			projectDirPath = "";
			projectRoot = "";
			targets = (
				85C67A8516BA183C009CC38D /* AFGitHubSamples */,
				85C67AAB16BA183C009CC38D /* AFGitHubTests */,
			);
		};
/* End PBXProject section */

/* Begin PBXResourcesBuildPhase section */
		85C67A8416BA183C009CC38D /* Resources */ = {
			isa = PBXResourcesBuildPhase;
			buildActionMask = 2147483647;
			files = (
				85C67A9116BA183C009CC38D /* Podfile in Resources */,
				85C67A9B16BA183C009CC38D /* InfoPlist.strings in Resources */,
				85C67AA216BA183C009CC38D /* Default.png in Resources */,
				85C67AA416BA183C009CC38D /* Default@2x.png in Resources */,
				85C67AA616BA183C009CC38D /* Default-568h@2x.png in Resources */,
				85C67C1A16BCD8A2009CC38D /* MainStoryboard.storyboard in Resources */,
			);
			runOnlyForDeploymentPostprocessing = 0;
		};
		85C67AA916BA183C009CC38D /* Resources */ = {
			isa = PBXResourcesBuildPhase;
			buildActionMask = 2147483647;
			files = (
				85C67AB816BA183C009CC38D /* InfoPlist.strings in Resources */,
				85C67BA316BBA434009CC38D /* blob.json in Resources */,
				85C67BA416BBA434009CC38D /* commit.json in Resources */,
				85C67BA516BBA434009CC38D /* reference.json in Resources */,
				85C67BA616BBA434009CC38D /* repository.json in Resources */,
				85C67BA716BBA434009CC38D /* tag.json in Resources */,
				85C67BA816BBA434009CC38D /* tree.json in Resources */,
			);
			runOnlyForDeploymentPostprocessing = 0;
		};
/* End PBXResourcesBuildPhase section */

/* Begin PBXShellScriptBuildPhase section */
		85C67AAA16BA183C009CC38D /* ShellScript */ = {
			isa = PBXShellScriptBuildPhase;
			buildActionMask = 2147483647;
			files = (
			);
			inputPaths = (
			);
			outputPaths = (
			);
			runOnlyForDeploymentPostprocessing = 0;
			shellPath = /bin/sh;
			shellScript = "# Run the unit tests in this test bundle.\n\"${SYSTEM_DEVELOPER_DIR}/Tools/RunUnitTests\"\n";
		};
		FD4D2ED1E598469CAF38F6E6 /* Copy Pods Resources */ = {
			isa = PBXShellScriptBuildPhase;
			buildActionMask = 2147483647;
			files = (
			);
			inputPaths = (
			);
			name = "Copy Pods Resources";
			outputPaths = (
			);
			runOnlyForDeploymentPostprocessing = 0;
			shellPath = /bin/sh;
			shellScript = "\"${SRCROOT}/Pods/Pods-resources.sh\"\n";
		};
/* End PBXShellScriptBuildPhase section */

/* Begin PBXSourcesBuildPhase section */
		85C67A8216BA183C009CC38D /* Sources */ = {
			isa = PBXSourcesBuildPhase;
			buildActionMask = 2147483647;
			files = (
				85C67A9D16BA183C009CC38D /* main.m in Sources */,
				85C67AA016BA183C009CC38D /* AFGitHubSampleAppDelegate.m in Sources */,
				85C67AC716BA1E02009CC38D /* AFGitHubAPIClient.m in Sources */,
				85C67ACA16BA2327009CC38D /* AFGitHubAPIRequestOperation.m in Sources */,
				85C67ACD16BA2374009CC38D /* AFGitHubAPIResponse.m in Sources */,
				85C67B6F16BA7A1F009CC38D /* AFGitHubLinkHeader.m in Sources */,
				85C67B7216BB4A8A009CC38D /* AFGitHubBlob.m in Sources */,
				85C67B7516BB4A95009CC38D /* AFGitHubCommit.m in Sources */,
				85C67B7816BB4AA9009CC38D /* AFGitHubReference.m in Sources */,
				85C67B7B16BB4AB4009CC38D /* AFGitHubTag.m in Sources */,
				85C67B7E16BB4ABC009CC38D /* AFGitHubTree.m in Sources */,
				85C67B8116BB4AE2009CC38D /* AFGitHubPullRequest.m in Sources */,
				85C67B8416BB4AFC009CC38D /* AFGitHubRepository.m in Sources */,
				85C67B8716BB4B12009CC38D /* AFGitHubUser.m in Sources */,
				85C67B8A16BB4B6A009CC38D /* AFGitHubGitObject.m in Sources */,
				85C67B8E16BB4D5E009CC38D /* AFGitHubComment.m in Sources */,
				85C67B9116BB62D7009CC38D /* AFGitHubGlobal.m in Sources */,
				85C67B9416BB9DDA009CC38D /* NSData+Base64.m in Sources */,
				85C67B9816BB9EC5009CC38D /* NSDate+InternetDateTime.m in Sources */,
				85C67B9B16BBA08D009CC38D /* AFGitHubGitDataObject.m in Sources */,
				85C67C1E16BCDAA1009CC38D /* AFGitHubTopViewController.m in Sources */,
				85C67C2116BCDF81009CC38D /* AFGitHubSampleRepoListViewController.m in Sources */,
				85C67C2416BCE2EF009CC38D /* AFGitHubAuthViewController.m in Sources */,
				85C67C2D16BCEA1D009CC38D /* NSString+queryComponents.m in Sources */,
				85C67C3016BCFB5B009CC38D /* NSString+URLEncoding.m in Sources */,
			);
			runOnlyForDeploymentPostprocessing = 0;
		};
		85C67AA716BA183C009CC38D /* Sources */ = {
			isa = PBXSourcesBuildPhase;
			buildActionMask = 2147483647;
			files = (
				85C67ABB16BA183C009CC38D /* AFGitHubTests.m in Sources */,
			);
			runOnlyForDeploymentPostprocessing = 0;
		};
/* End PBXSourcesBuildPhase section */

/* Begin PBXTargetDependency section */
		85C67AB216BA183C009CC38D /* PBXTargetDependency */ = {
			isa = PBXTargetDependency;
			target = 85C67A8516BA183C009CC38D /* AFGitHubSamples */;
			targetProxy = 85C67AB116BA183C009CC38D /* PBXContainerItemProxy */;
		};
/* End PBXTargetDependency section */

/* Begin PBXVariantGroup section */
		85C67A9916BA183C009CC38D /* InfoPlist.strings */ = {
			isa = PBXVariantGroup;
			children = (
				85C67A9A16BA183C009CC38D /* en */,
			);
			name = InfoPlist.strings;
			sourceTree = "<group>";
		};
		85C67AB616BA183C009CC38D /* InfoPlist.strings */ = {
			isa = PBXVariantGroup;
			children = (
				85C67AB716BA183C009CC38D /* en */,
			);
			name = InfoPlist.strings;
			sourceTree = "<group>";
		};
		85C67C1816BCD8A2009CC38D /* MainStoryboard.storyboard */ = {
			isa = PBXVariantGroup;
			children = (
				85C67C1916BCD8A2009CC38D /* en */,
			);
			name = MainStoryboard.storyboard;
			sourceTree = "<group>";
		};
/* End PBXVariantGroup section */

/* Begin XCBuildConfiguration section */
		85C67ABC16BA183C009CC38D /* Debug */ = {
			isa = XCBuildConfiguration;
			buildSettings = {
				ALWAYS_SEARCH_USER_PATHS = NO;
				CLANG_CXX_LANGUAGE_STANDARD = "gnu++0x";
				CLANG_CXX_LIBRARY = "libc++";
				CLANG_ENABLE_OBJC_ARC = YES;
				CLANG_WARN_CONSTANT_CONVERSION = YES;
				CLANG_WARN_EMPTY_BODY = YES;
				CLANG_WARN_ENUM_CONVERSION = YES;
				CLANG_WARN_INT_CONVERSION = YES;
				CLANG_WARN__DUPLICATE_METHOD_MATCH = YES;
				"CODE_SIGN_IDENTITY[sdk=iphoneos*]" = "iPhone Developer";
				COPY_PHASE_STRIP = NO;
				GCC_C_LANGUAGE_STANDARD = gnu99;
				GCC_DYNAMIC_NO_PIC = NO;
				GCC_OPTIMIZATION_LEVEL = 0;
				GCC_PREPROCESSOR_DEFINITIONS = (
					"DEBUG=1",
					"$(inherited)",
				);
				GCC_SYMBOLS_PRIVATE_EXTERN = NO;
				GCC_WARN_ABOUT_RETURN_TYPE = YES;
				GCC_WARN_UNINITIALIZED_AUTOS = YES;
				GCC_WARN_UNUSED_VARIABLE = YES;
				IPHONEOS_DEPLOYMENT_TARGET = 6.1;
				ONLY_ACTIVE_ARCH = YES;
				SDKROOT = iphoneos;
				TARGETED_DEVICE_FAMILY = "1,2";
			};
			name = Debug;
		};
		85C67ABD16BA183C009CC38D /* Release */ = {
			isa = XCBuildConfiguration;
			buildSettings = {
				ALWAYS_SEARCH_USER_PATHS = NO;
				CLANG_CXX_LANGUAGE_STANDARD = "gnu++0x";
				CLANG_CXX_LIBRARY = "libc++";
				CLANG_ENABLE_OBJC_ARC = YES;
				CLANG_WARN_CONSTANT_CONVERSION = YES;
				CLANG_WARN_EMPTY_BODY = YES;
				CLANG_WARN_ENUM_CONVERSION = YES;
				CLANG_WARN_INT_CONVERSION = YES;
				CLANG_WARN__DUPLICATE_METHOD_MATCH = YES;
				"CODE_SIGN_IDENTITY[sdk=iphoneos*]" = "iPhone Developer";
				COPY_PHASE_STRIP = YES;
				GCC_C_LANGUAGE_STANDARD = gnu99;
				GCC_WARN_ABOUT_RETURN_TYPE = YES;
				GCC_WARN_UNINITIALIZED_AUTOS = YES;
				GCC_WARN_UNUSED_VARIABLE = YES;
				IPHONEOS_DEPLOYMENT_TARGET = 6.1;
				OTHER_CFLAGS = "-DNS_BLOCK_ASSERTIONS=1";
				SDKROOT = iphoneos;
				TARGETED_DEVICE_FAMILY = "1,2";
				VALIDATE_PRODUCT = YES;
			};
			name = Release;
		};
		85C67ABF16BA183C009CC38D /* Debug */ = {
			isa = XCBuildConfiguration;
			baseConfigurationReference = 35A32EE6687A42F2BEC3B5C9 /* Pods.xcconfig */;
			buildSettings = {
				GCC_PRECOMPILE_PREFIX_HEADER = YES;
				GCC_PREFIX_HEADER = "AFGitHubSamples/AFGitHub-Prefix.pch";
				INFOPLIST_FILE = "$(SRCROOT)/AFGitHubSamples/AFGitHub-Info.plist";
				PRODUCT_NAME = "$(TARGET_NAME)";
				WRAPPER_EXTENSION = app;
			};
			name = Debug;
		};
		85C67AC016BA183C009CC38D /* Release */ = {
			isa = XCBuildConfiguration;
			baseConfigurationReference = 35A32EE6687A42F2BEC3B5C9 /* Pods.xcconfig */;
			buildSettings = {
				GCC_PRECOMPILE_PREFIX_HEADER = YES;
				GCC_PREFIX_HEADER = "AFGitHubSamples/AFGitHub-Prefix.pch";
				INFOPLIST_FILE = "$(SRCROOT)/AFGitHubSamples/AFGitHub-Info.plist";
				PRODUCT_NAME = "$(TARGET_NAME)";
				WRAPPER_EXTENSION = app;
			};
			name = Release;
		};
		85C67AC216BA183C009CC38D /* Debug */ = {
			isa = XCBuildConfiguration;
			buildSettings = {
				BUNDLE_LOADER = "$(BUILT_PRODUCTS_DIR)/AFGitHub.app/AFGitHub";
				FRAMEWORK_SEARCH_PATHS = (
					"\"$(SDKROOT)/Developer/Library/Frameworks\"",
					"\"$(DEVELOPER_LIBRARY_DIR)/Frameworks\"",
				);
				GCC_PRECOMPILE_PREFIX_HEADER = YES;
				GCC_PREFIX_HEADER = "AFGitHubSamples/AFGitHub-Prefix.pch";
				INFOPLIST_FILE = "AFGitHubTests/AFGitHubTests-Info.plist";
				PRODUCT_NAME = "$(TARGET_NAME)";
				TEST_HOST = "$(BUNDLE_LOADER)";
				WRAPPER_EXTENSION = octest;
			};
			name = Debug;
		};
		85C67AC316BA183C009CC38D /* Release */ = {
			isa = XCBuildConfiguration;
			buildSettings = {
				BUNDLE_LOADER = "$(BUILT_PRODUCTS_DIR)/AFGitHub.app/AFGitHub";
				FRAMEWORK_SEARCH_PATHS = (
					"\"$(SDKROOT)/Developer/Library/Frameworks\"",
					"\"$(DEVELOPER_LIBRARY_DIR)/Frameworks\"",
				);
				GCC_PRECOMPILE_PREFIX_HEADER = YES;
				GCC_PREFIX_HEADER = "AFGitHubSamples/AFGitHub-Prefix.pch";
				INFOPLIST_FILE = "AFGitHubTests/AFGitHubTests-Info.plist";
				PRODUCT_NAME = "$(TARGET_NAME)";
				TEST_HOST = "$(BUNDLE_LOADER)";
				WRAPPER_EXTENSION = octest;
			};
			name = Release;
		};
/* End XCBuildConfiguration section */

/* Begin XCConfigurationList section */
		85C67A8116BA183C009CC38D /* Build configuration list for PBXProject "AFGitHub" */ = {
			isa = XCConfigurationList;
			buildConfigurations = (
				85C67ABC16BA183C009CC38D /* Debug */,
				85C67ABD16BA183C009CC38D /* Release */,
			);
			defaultConfigurationIsVisible = 0;
			defaultConfigurationName = Release;
		};
		85C67ABE16BA183C009CC38D /* Build configuration list for PBXNativeTarget "AFGitHubSamples" */ = {
			isa = XCConfigurationList;
			buildConfigurations = (
				85C67ABF16BA183C009CC38D /* Debug */,
				85C67AC016BA183C009CC38D /* Release */,
			);
			defaultConfigurationIsVisible = 0;
			defaultConfigurationName = Release;
		};
		85C67AC116BA183C009CC38D /* Build configuration list for PBXNativeTarget "AFGitHubTests" */ = {
			isa = XCConfigurationList;
			buildConfigurations = (
				85C67AC216BA183C009CC38D /* Debug */,
				85C67AC316BA183C009CC38D /* Release */,
			);
			defaultConfigurationIsVisible = 0;
			defaultConfigurationName = Release;
		};
/* End XCConfigurationList section */
	};
	rootObject = 85C67A7E16BA183C009CC38D /* Project object */;
}
